// !$*UTF8*$!
{
	archiveVersion = 1;
	classes = {
	};
	objectVersion = 48;
	objects = {

/* Begin PBXBuildFile section */
		383429C820BD84F700FAE63B /* main.swift in Sources */ = {isa = PBXBuildFile; fileRef = 383429C720BD84F700FAE63B /* main.swift */; };
		383429D020BD851F00FAE63B /* MagicIndex.swift in Sources */ = {isa = PBXBuildFile; fileRef = 383429CF20BD851F00FAE63B /* MagicIndex.swift */; };
		383429E520BD9F4000FAE63B /* Subsets.swift in Sources */ = {isa = PBXBuildFile; fileRef = 383429E420BD9F4000FAE63B /* Subsets.swift */; };
		383429E720BDAD2D00FAE63B /* MultiplyRecursviely.swift in Sources */ = {isa = PBXBuildFile; fileRef = 383429E620BDAD2D00FAE63B /* MultiplyRecursviely.swift */; };
		383429EA20BDB76100FAE63B /* MergeSort.swift in Sources */ = {isa = PBXBuildFile; fileRef = 383429E920BDB76100FAE63B /* MergeSort.swift */; };
		386D55FE20CB11B400BB3BCA /* Queue.swift in Sources */ = {isa = PBXBuildFile; fileRef = 386D55FC20CB11B400BB3BCA /* Queue.swift */; };
		386D55FF20CB11B400BB3BCA /* Stacks.swift in Sources */ = {isa = PBXBuildFile; fileRef = 386D55FD20CB11B400BB3BCA /* Stacks.swift */; };
		38DA8DBD20CAE1E00090FE3D /* LinkedList.swift in Sources */ = {isa = PBXBuildFile; fileRef = 38DA8DBC20CAE1E00090FE3D /* LinkedList.swift */; };
/* End PBXBuildFile section */

/* Begin PBXCopyFilesBuildPhase section */
		383429C220BD84F700FAE63B /* CopyFiles */ = {
			isa = PBXCopyFilesBuildPhase;
			buildActionMask = 2147483647;
			dstPath = /usr/share/man/man1/;
			dstSubfolderSpec = 0;
			files = (
			);
			runOnlyForDeploymentPostprocessing = 1;
		};
/* End PBXCopyFilesBuildPhase section */

/* Begin PBXFileReference section */
		383429C420BD84F700FAE63B /* AlgorithmsAndDataStructures */ = {isa = PBXFileReference; explicitFileType = "compiled.mach-o.executable"; includeInIndex = 0; path = AlgorithmsAndDataStructures; sourceTree = BUILT_PRODUCTS_DIR; };
		383429C720BD84F700FAE63B /* main.swift */ = {isa = PBXFileReference; lastKnownFileType = sourcecode.swift; path = main.swift; sourceTree = "<group>"; };
		383429CF20BD851F00FAE63B /* MagicIndex.swift */ = {isa = PBXFileReference; lastKnownFileType = sourcecode.swift; path = MagicIndex.swift; sourceTree = "<group>"; };
		383429E420BD9F4000FAE63B /* Subsets.swift */ = {isa = PBXFileReference; lastKnownFileType = sourcecode.swift; path = Subsets.swift; sourceTree = "<group>"; };
		383429E620BDAD2D00FAE63B /* MultiplyRecursviely.swift */ = {isa = PBXFileReference; lastKnownFileType = sourcecode.swift; path = MultiplyRecursviely.swift; sourceTree = "<group>"; };
		383429E920BDB76100FAE63B /* MergeSort.swift */ = {isa = PBXFileReference; lastKnownFileType = sourcecode.swift; path = MergeSort.swift; sourceTree = "<group>"; };
		386D55FC20CB11B400BB3BCA /* Queue.swift */ = {isa = PBXFileReference; fileEncoding = 4; lastKnownFileType = sourcecode.swift; path = Queue.swift; sourceTree = "<group>"; };
		386D55FD20CB11B400BB3BCA /* Stacks.swift */ = {isa = PBXFileReference; fileEncoding = 4; lastKnownFileType = sourcecode.swift; path = Stacks.swift; sourceTree = "<group>"; };
		38DA8DBC20CAE1E00090FE3D /* LinkedList.swift */ = {isa = PBXFileReference; lastKnownFileType = sourcecode.swift; path = LinkedList.swift; sourceTree = "<group>"; };
/* End PBXFileReference section */

/* Begin PBXFrameworksBuildPhase section */
		383429C120BD84F700FAE63B /* Frameworks */ = {
			isa = PBXFrameworksBuildPhase;
			buildActionMask = 2147483647;
			files = (
			);
			runOnlyForDeploymentPostprocessing = 0;
		};
/* End PBXFrameworksBuildPhase section */

/* Begin PBXGroup section */
		383429BB20BD84F700FAE63B = {
			isa = PBXGroup;
			children = (
				383429C620BD84F700FAE63B /* AlgorithmsAndDataStructures */,
				383429C520BD84F700FAE63B /* Products */,
			);
			sourceTree = "<group>";
		};
		383429C520BD84F700FAE63B /* Products */ = {
			isa = PBXGroup;
			children = (
				383429C420BD84F700FAE63B /* AlgorithmsAndDataStructures */,
			);
			name = Products;
			sourceTree = "<group>";
		};
		383429C620BD84F700FAE63B /* AlgorithmsAndDataStructures */ = {
			isa = PBXGroup;
			children = (
				386D55FB20CB0A1B00BB3BCA /* DataStructures */,
				383429E820BDB74F00FAE63B /* Sorting */,
				383429CE20BD850100FAE63B /* RecurisionAndDynamicProgramming */,
				383429C720BD84F700FAE63B /* main.swift */,
			);
			path = AlgorithmsAndDataStructures;
			sourceTree = "<group>";
		};
		383429CE20BD850100FAE63B /* RecurisionAndDynamicProgramming */ = {
			isa = PBXGroup;
			children = (
				383429CF20BD851F00FAE63B /* MagicIndex.swift */,
				383429E420BD9F4000FAE63B /* Subsets.swift */,
				383429E620BDAD2D00FAE63B /* MultiplyRecursviely.swift */,
			);
			path = RecurisionAndDynamicProgramming;
			sourceTree = "<group>";
		};
		383429E820BDB74F00FAE63B /* Sorting */ = {
			isa = PBXGroup;
			children = (
				383429E920BDB76100FAE63B /* MergeSort.swift */,
			);
			path = Sorting;
			sourceTree = "<group>";
		};
		386D55FB20CB0A1B00BB3BCA /* DataStructures */ = {
			isa = PBXGroup;
			children = (
				38DA8DBB20CAE1CD0090FE3D /* LinkedList */,
			);
			path = DataStructures;
			sourceTree = "<group>";
		};
		38DA8DBB20CAE1CD0090FE3D /* LinkedList */ = {
			isa = PBXGroup;
			children = (
				386D55FC20CB11B400BB3BCA /* Queue.swift */,
				386D55FD20CB11B400BB3BCA /* Stacks.swift */,
				38DA8DBC20CAE1E00090FE3D /* LinkedList.swift */,
			);
			path = LinkedList;
			sourceTree = "<group>";
		};
/* End PBXGroup section */

/* Begin PBXNativeTarget section */
		383429C320BD84F700FAE63B /* AlgorithmsAndDataStructures */ = {
			isa = PBXNativeTarget;
			buildConfigurationList = 383429CB20BD84F700FAE63B /* Build configuration list for PBXNativeTarget "AlgorithmsAndDataStructures" */;
			buildPhases = (
				383429C020BD84F700FAE63B /* Sources */,
				383429C120BD84F700FAE63B /* Frameworks */,
				383429C220BD84F700FAE63B /* CopyFiles */,
			);
			buildRules = (
			);
			dependencies = (
			);
			name = AlgorithmsAndDataStructures;
			productName = AlgorithmsAndDataStructures;
			productReference = 383429C420BD84F700FAE63B /* AlgorithmsAndDataStructures */;
			productType = "com.apple.product-type.tool";
		};
/* End PBXNativeTarget section */

/* Begin PBXProject section */
		383429BC20BD84F700FAE63B /* Project object */ = {
			isa = PBXProject;
			attributes = {
				LastSwiftUpdateCheck = 0900;
				LastUpgradeCheck = 0900;
				ORGANIZATIONNAME = "Rohith Raju";
				TargetAttributes = {
					383429C320BD84F700FAE63B = {
						CreatedOnToolsVersion = 9.0.1;
						ProvisioningStyle = Automatic;
					};
				};
			};
			buildConfigurationList = 383429BF20BD84F700FAE63B /* Build configuration list for PBXProject "AlgorithmsAndDataStructures" */;
			compatibilityVersion = "Xcode 8.0";
			developmentRegion = en;
			hasScannedForEncodings = 0;
			knownRegions = (
				en,
			);
			mainGroup = 383429BB20BD84F700FAE63B;
			productRefGroup = 383429C520BD84F700FAE63B /* Products */;
			projectDirPath = "";
			projectRoot = "";
			targets = (
				383429C320BD84F700FAE63B /* AlgorithmsAndDataStructures */,
			);
		};
/* End PBXProject section */

/* Begin PBXSourcesBuildPhase section */
		383429C020BD84F700FAE63B /* Sources */ = {
			isa = PBXSourcesBuildPhase;
			buildActionMask = 2147483647;
			files = (
				386D55FF20CB11B400BB3BCA /* Stacks.swift in Sources */,
				38DA8DBD20CAE1E00090FE3D /* LinkedList.swift in Sources */,
				386D55FE20CB11B400BB3BCA /* Queue.swift in Sources */,
				383429E520BD9F4000FAE63B /* Subsets.swift in Sources */,
				383429E720BDAD2D00FAE63B /* MultiplyRecursviely.swift in Sources */,
				383429D020BD851F00FAE63B /* MagicIndex.swift in Sources */,
				383429C820BD84F700FAE63B /* main.swift in Sources */,
				383429EA20BDB76100FAE63B /* MergeSort.swift in Sources */,
			);
			runOnlyForDeploymentPostprocessing = 0;
		};
/* End PBXSourcesBuildPhase section */

/* Begin XCBuildConfiguration section */
		383429C920BD84F700FAE63B /* Debug */ = {
			isa = XCBuildConfiguration;
			buildSettings = {
				ALWAYS_SEARCH_USER_PATHS = NO;
				CLANG_ANALYZER_NONNULL = YES;
				CLANG_ANALYZER_NUMBER_OBJECT_CONVERSION = YES_AGGRESSIVE;
				CLANG_CXX_LANGUAGE_STANDARD = "gnu++14";
				CLANG_CXX_LIBRARY = "libc++";
				CLANG_ENABLE_MODULES = YES;
				CLANG_ENABLE_OBJC_ARC = YES;
				CLANG_WARN_BLOCK_CAPTURE_AUTORELEASING = YES;
				CLANG_WARN_BOOL_CONVERSION = YES;
				CLANG_WARN_COMMA = YES;
				CLANG_WARN_CONSTANT_CONVERSION = YES;
				CLANG_WARN_DIRECT_OBJC_ISA_USAGE = YES_ERROR;
				CLANG_WARN_DOCUMENTATION_COMMENTS = YES;
				CLANG_WARN_EMPTY_BODY = YES;
				CLANG_WARN_ENUM_CONVERSION = YES;
				CLANG_WARN_INFINITE_RECURSION = YES;
				CLANG_WARN_INT_CONVERSION = YES;
				CLANG_WARN_NON_LITERAL_NULL_CONVERSION = YES;
				CLANG_WARN_OBJC_LITERAL_CONVERSION = YES;
				CLANG_WARN_OBJC_ROOT_CLASS = YES_ERROR;
				CLANG_WARN_RANGE_LOOP_ANALYSIS = YES;
				CLANG_WARN_STRICT_PROTOTYPES = YES;
				CLANG_WARN_SUSPICIOUS_MOVE = YES;
				CLANG_WARN_UNGUARDED_AVAILABILITY = YES_AGGRESSIVE;
				CLANG_WARN_UNREACHABLE_CODE = YES;
				CLANG_WARN__DUPLICATE_METHOD_MATCH = YES;
				CODE_SIGN_IDENTITY = "Mac Developer";
				COPY_PHASE_STRIP = NO;
				DEBUG_INFORMATION_FORMAT = dwarf;
				ENABLE_STRICT_OBJC_MSGSEND = YES;
				ENABLE_TESTABILITY = YES;
				GCC_C_LANGUAGE_STANDARD = gnu11;
				GCC_DYNAMIC_NO_PIC = NO;
				GCC_NO_COMMON_BLOCKS = YES;
				GCC_OPTIMIZATION_LEVEL = 0;
				GCC_PREPROCESSOR_DEFINITIONS = (
					"DEBUG=1",
					"$(inherited)",
				);
				GCC_WARN_64_TO_32_BIT_CONVERSION = YES;
				GCC_WARN_ABOUT_RETURN_TYPE = YES_ERROR;
				GCC_WARN_UNDECLARED_SELECTOR = YES;
				GCC_WARN_UNINITIALIZED_AUTOS = YES_AGGRESSIVE;
				GCC_WARN_UNUSED_FUNCTION = YES;
				GCC_WARN_UNUSED_VARIABLE = YES;
				MACOSX_DEPLOYMENT_TARGET = 10.13;
				MTL_ENABLE_DEBUG_INFO = YES;
				ONLY_ACTIVE_ARCH = YES;
				SDKROOT = macosx;
				SWIFT_ACTIVE_COMPILATION_CONDITIONS = DEBUG;
				SWIFT_OPTIMIZATION_LEVEL = "-Onone";
			};
			name = Debug;
		};
		383429CA20BD84F700FAE63B /* Release */ = {
			isa = XCBuildConfiguration;
			buildSettings = {
				ALWAYS_SEARCH_USER_PATHS = NO;
				CLANG_ANALYZER_NONNULL = YES;
				CLANG_ANALYZER_NUMBER_OBJECT_CONVERSION = YES_AGGRESSIVE;
				CLANG_CXX_LANGUAGE_STANDARD = "gnu++14";
				CLANG_CXX_LIBRARY = "libc++";
				CLANG_ENABLE_MODULES = YES;
				CLANG_ENABLE_OBJC_ARC = YES;
				CLANG_WARN_BLOCK_CAPTURE_AUTORELEASING = YES;
				CLANG_WARN_BOOL_CONVERSION = YES;
				CLANG_WARN_COMMA = YES;
				CLANG_WARN_CONSTANT_CONVERSION = YES;
				CLANG_WARN_DIRECT_OBJC_ISA_USAGE = YES_ERROR;
				CLANG_WARN_DOCUMENTATION_COMMENTS = YES;
				CLANG_WARN_EMPTY_BODY = YES;
				CLANG_WARN_ENUM_CONVERSION = YES;
				CLANG_WARN_INFINITE_RECURSION = YES;
				CLANG_WARN_INT_CONVERSION = YES;
				CLANG_WARN_NON_LITERAL_NULL_CONVERSION = YES;
				CLANG_WARN_OBJC_LITERAL_CONVERSION = YES;
				CLANG_WARN_OBJC_ROOT_CLASS = YES_ERROR;
				CLANG_WARN_RANGE_LOOP_ANALYSIS = YES;
				CLANG_WARN_STRICT_PROTOTYPES = YES;
				CLANG_WARN_SUSPICIOUS_MOVE = YES;
				CLANG_WARN_UNGUARDED_AVAILABILITY = YES_AGGRESSIVE;
				CLANG_WARN_UNREACHABLE_CODE = YES;
				CLANG_WARN__DUPLICATE_METHOD_MATCH = YES;
				CODE_SIGN_IDENTITY = "Mac Developer";
				COPY_PHASE_STRIP = NO;
				DEBUG_INFORMATION_FORMAT = "dwarf-with-dsym";
				ENABLE_NS_ASSERTIONS = NO;
				ENABLE_STRICT_OBJC_MSGSEND = YES;
				GCC_C_LANGUAGE_STANDARD = gnu11;
				GCC_NO_COMMON_BLOCKS = YES;
				GCC_WARN_64_TO_32_BIT_CONVERSION = YES;
				GCC_WARN_ABOUT_RETURN_TYPE = YES_ERROR;
				GCC_WARN_UNDECLARED_SELECTOR = YES;
				GCC_WARN_UNINITIALIZED_AUTOS = YES_AGGRESSIVE;
				GCC_WARN_UNUSED_FUNCTION = YES;
				GCC_WARN_UNUSED_VARIABLE = YES;
				MACOSX_DEPLOYMENT_TARGET = 10.13;
				MTL_ENABLE_DEBUG_INFO = NO;
				SDKROOT = macosx;
				SWIFT_OPTIMIZATION_LEVEL = "-Owholemodule";
			};
			name = Release;
		};
		383429CC20BD84F700FAE63B /* Debug */ = {
			isa = XCBuildConfiguration;
			buildSettings = {
				CODE_SIGN_STYLE = Automatic;
				DEVELOPMENT_TEAM = 3D94PCSUML;
				PRODUCT_NAME = "$(TARGET_NAME)";
				SWIFT_VERSION = 4.0;
			};
			name = Debug;
		};
		383429CD20BD84F700FAE63B /* Release */ = {
			isa = XCBuildConfiguration;
			buildSettings = {
				CODE_SIGN_STYLE = Automatic;
				DEVELOPMENT_TEAM = 3D94PCSUML;
				PRODUCT_NAME = "$(TARGET_NAME)";
				SWIFT_VERSION = 4.0;
			};
			name = Release;
		};
/* End XCBuildConfiguration section */

/* Begin XCConfigurationList section */
		383429BF20BD84F700FAE63B /* Build configuration list for PBXProject "AlgorithmsAndDataStructures" */ = {
			isa = XCConfigurationList;
			buildConfigurations = (
				383429C920BD84F700FAE63B /* Debug */,
				383429CA20BD84F700FAE63B /* Release */,
			);
			defaultConfigurationIsVisible = 0;
			defaultConfigurationName = Release;
		};
		383429CB20BD84F700FAE63B /* Build configuration list for PBXNativeTarget "AlgorithmsAndDataStructures" */ = {
			isa = XCConfigurationList;
			buildConfigurations = (
				383429CC20BD84F700FAE63B /* Debug */,
				383429CD20BD84F700FAE63B /* Release */,
			);
			defaultConfigurationIsVisible = 0;
			defaultConfigurationName = Release;
		};
/* End XCConfigurationList section */
	};
	rootObject = 383429BC20BD84F700FAE63B /* Project object */;
}
